// !$*UTF8*$!
{
	archiveVersion = 1;
	classes = {
	};
	objectVersion = 46;
	objects = {

/* Begin PBXBuildFile section */
		01B6874A1CD8882400FA2321 /* AppDelegate.swift in Sources */ = {isa = PBXBuildFile; fileRef = 01B687491CD8882400FA2321 /* AppDelegate.swift */; };
		01B6874C1CD8882400FA2321 /* ViewController.swift in Sources */ = {isa = PBXBuildFile; fileRef = 01B6874B1CD8882400FA2321 /* ViewController.swift */; };
		01B6874F1CD8882400FA2321 /* Main.storyboard in Resources */ = {isa = PBXBuildFile; fileRef = 01B6874D1CD8882400FA2321 /* Main.storyboard */; };
		01B687511CD8882400FA2321 /* Assets.xcassets in Resources */ = {isa = PBXBuildFile; fileRef = 01B687501CD8882400FA2321 /* Assets.xcassets */; };
		01B687541CD8882400FA2321 /* LaunchScreen.storyboard in Resources */ = {isa = PBXBuildFile; fileRef = 01B687521CD8882400FA2321 /* LaunchScreen.storyboard */; };
		01B6875F1CD8882400FA2321 /* sampleJSON001Tests.swift in Sources */ = {isa = PBXBuildFile; fileRef = 01B6875E1CD8882400FA2321 /* sampleJSON001Tests.swift */; };
		01B6876A1CD8882400FA2321 /* sampleJSON001UITests.swift in Sources */ = {isa = PBXBuildFile; fileRef = 01B687691CD8882400FA2321 /* sampleJSON001UITests.swift */; };
		01B687781CD8889200FA2321 /* json.txt in Resources */ = {isa = PBXBuildFile; fileRef = 01B687771CD8889200FA2321 /* json.txt */; };
/* End PBXBuildFile section */

/* Begin PBXContainerItemProxy section */
		01B6875B1CD8882400FA2321 /* PBXContainerItemProxy */ = {
			isa = PBXContainerItemProxy;
			containerPortal = 01B6873E1CD8882400FA2321 /* Project object */;
			proxyType = 1;
			remoteGlobalIDString = 01B687451CD8882400FA2321;
			remoteInfo = sampleJSON001;
		};
		01B687661CD8882400FA2321 /* PBXContainerItemProxy */ = {
			isa = PBXContainerItemProxy;
			containerPortal = 01B6873E1CD8882400FA2321 /* Project object */;
			proxyType = 1;
			remoteGlobalIDString = 01B687451CD8882400FA2321;
			remoteInfo = sampleJSON001;
		};
/* End PBXContainerItemProxy section */

/* Begin PBXFileReference section */
		01B687461CD8882400FA2321 /* sampleJSON001.app */ = {isa = PBXFileReference; explicitFileType = wrapper.application; includeInIndex = 0; path = sampleJSON001.app; sourceTree = BUILT_PRODUCTS_DIR; };
		01B687491CD8882400FA2321 /* AppDelegate.swift */ = {isa = PBXFileReference; lastKnownFileType = sourcecode.swift; path = AppDelegate.swift; sourceTree = "<group>"; };
		01B6874B1CD8882400FA2321 /* ViewController.swift */ = {isa = PBXFileReference; lastKnownFileType = sourcecode.swift; path = ViewController.swift; sourceTree = "<group>"; };
		01B6874E1CD8882400FA2321 /* Base */ = {isa = PBXFileReference; lastKnownFileType = file.storyboard; name = Base; path = Base.lproj/Main.storyboard; sourceTree = "<group>"; };
		01B687501CD8882400FA2321 /* Assets.xcassets */ = {isa = PBXFileReference; lastKnownFileType = folder.assetcatalog; path = Assets.xcassets; sourceTree = "<group>"; };
		01B687531CD8882400FA2321 /* Base */ = {isa = PBXFileReference; lastKnownFileType = file.storyboard; name = Base; path = Base.lproj/LaunchScreen.storyboard; sourceTree = "<group>"; };
		01B687551CD8882400FA2321 /* Info.plist */ = {isa = PBXFileReference; lastKnownFileType = text.plist.xml; path = Info.plist; sourceTree = "<group>"; };
		01B6875A1CD8882400FA2321 /* sampleJSON001Tests.xctest */ = {isa = PBXFileReference; explicitFileType = wrapper.cfbundle; includeInIndex = 0; path = sampleJSON001Tests.xctest; sourceTree = BUILT_PRODUCTS_DIR; };
		01B6875E1CD8882400FA2321 /* sampleJSON001Tests.swift */ = {isa = PBXFileReference; lastKnownFileType = sourcecode.swift; path = sampleJSON001Tests.swift; sourceTree = "<group>"; };
		01B687601CD8882400FA2321 /* Info.plist */ = {isa = PBXFileReference; lastKnownFileType = text.plist.xml; path = Info.plist; sourceTree = "<group>"; };
		01B687651CD8882400FA2321 /* sampleJSON001UITests.xctest */ = {isa = PBXFileReference; explicitFileType = wrapper.cfbundle; includeInIndex = 0; path = sampleJSON001UITests.xctest; sourceTree = BUILT_PRODUCTS_DIR; };
		01B687691CD8882400FA2321 /* sampleJSON001UITests.swift */ = {isa = PBXFileReference; lastKnownFileType = sourcecode.swift; path = sampleJSON001UITests.swift; sourceTree = "<group>"; };
		01B6876B1CD8882400FA2321 /* Info.plist */ = {isa = PBXFileReference; lastKnownFileType = text.plist.xml; path = Info.plist; sourceTree = "<group>"; };
		01B687771CD8889200FA2321 /* json.txt */ = {isa = PBXFileReference; fileEncoding = 4; lastKnownFileType = text; path = json.txt; sourceTree = "<group>"; };
/* End PBXFileReference section */

/* Begin PBXFrameworksBuildPhase section */
		01B687431CD8882400FA2321 /* Frameworks */ = {
			isa = PBXFrameworksBuildPhase;
			buildActionMask = 2147483647;
			files = (
			);
			runOnlyForDeploymentPostprocessing = 0;
		};
		01B687571CD8882400FA2321 /* Frameworks */ = {
			isa = PBXFrameworksBuildPhase;
			buildActionMask = 2147483647;
			files = (
			);
			runOnlyForDeploymentPostprocessing = 0;
		};
		01B687621CD8882400FA2321 /* Frameworks */ = {
			isa = PBXFrameworksBuildPhase;
			buildActionMask = 2147483647;
			files = (
			);
			runOnlyForDeploymentPostprocessing = 0;
		};
/* End PBXFrameworksBuildPhase section */

/* Begin PBXGroup section */
		01B6873D1CD8882400FA2321 = {
			isa = PBXGroup;
			children = (
				01B687481CD8882400FA2321 /* sampleJSON001 */,
				01B6875D1CD8882400FA2321 /* sampleJSON001Tests */,
				01B687681CD8882400FA2321 /* sampleJSON001UITests */,
				01B687471CD8882400FA2321 /* Products */,
			);
			sourceTree = "<group>";
		};
		01B687471CD8882400FA2321 /* Products */ = {
			isa = PBXGroup;
			children = (
				01B687461CD8882400FA2321 /* sampleJSON001.app */,
				01B6875A1CD8882400FA2321 /* sampleJSON001Tests.xctest */,
				01B687651CD8882400FA2321 /* sampleJSON001UITests.xctest */,
			);
			name = Products;
			sourceTree = "<group>";
		};
		01B687481CD8882400FA2321 /* sampleJSON001 */ = {
			isa = PBXGroup;
			children = (
				01B687491CD8882400FA2321 /* AppDelegate.swift */,
				01B6874B1CD8882400FA2321 /* ViewController.swift */,
				01B6874D1CD8882400FA2321 /* Main.storyboard */,
				01B687501CD8882400FA2321 /* Assets.xcassets */,
				01B687521CD8882400FA2321 /* LaunchScreen.storyboard */,
				01B687551CD8882400FA2321 /* Info.plist */,
				01B687771CD8889200FA2321 /* json.txt */,
			);
			path = sampleJSON001;
			sourceTree = "<group>";
		};
		01B6875D1CD8882400FA2321 /* sampleJSON001Tests */ = {
			isa = PBXGroup;
			children = (
				01B6875E1CD8882400FA2321 /* sampleJSON001Tests.swift */,
				01B687601CD8882400FA2321 /* Info.plist */,
			);
			path = sampleJSON001Tests;
			sourceTree = "<group>";
		};
		01B687681CD8882400FA2321 /* sampleJSON001UITests */ = {
			isa = PBXGroup;
			children = (
				01B687691CD8882400FA2321 /* sampleJSON001UITests.swift */,
				01B6876B1CD8882400FA2321 /* Info.plist */,
			);
			path = sampleJSON001UITests;
			sourceTree = "<group>";
		};
/* End PBXGroup section */

/* Begin PBXNativeTarget section */
		01B687451CD8882400FA2321 /* sampleJSON001 */ = {
			isa = PBXNativeTarget;
			buildConfigurationList = 01B6876E1CD8882400FA2321 /* Build configuration list for PBXNativeTarget "sampleJSON001" */;
			buildPhases = (
				01B687421CD8882400FA2321 /* Sources */,
				01B687431CD8882400FA2321 /* Frameworks */,
				01B687441CD8882400FA2321 /* Resources */,
			);
			buildRules = (
			);
			dependencies = (
			);
			name = sampleJSON001;
			productName = sampleJSON001;
			productReference = 01B687461CD8882400FA2321 /* sampleJSON001.app */;
			productType = "com.apple.product-type.application";
		};
		01B687591CD8882400FA2321 /* sampleJSON001Tests */ = {
			isa = PBXNativeTarget;
			buildConfigurationList = 01B687711CD8882400FA2321 /* Build configuration list for PBXNativeTarget "sampleJSON001Tests" */;
			buildPhases = (
				01B687561CD8882400FA2321 /* Sources */,
				01B687571CD8882400FA2321 /* Frameworks */,
				01B687581CD8882400FA2321 /* Resources */,
			);
			buildRules = (
			);
			dependencies = (
				01B6875C1CD8882400FA2321 /* PBXTargetDependency */,
			);
			name = sampleJSON001Tests;
			productName = sampleJSON001Tests;
			productReference = 01B6875A1CD8882400FA2321 /* sampleJSON001Tests.xctest */;
			productType = "com.apple.product-type.bundle.unit-test";
		};
		01B687641CD8882400FA2321 /* sampleJSON001UITests */ = {
			isa = PBXNativeTarget;
			buildConfigurationList = 01B687741CD8882400FA2321 /* Build configuration list for PBXNativeTarget "sampleJSON001UITests" */;
			buildPhases = (
				01B687611CD8882400FA2321 /* Sources */,
				01B687621CD8882400FA2321 /* Frameworks */,
				01B687631CD8882400FA2321 /* Resources */,
			);
			buildRules = (
			);
			dependencies = (
				01B687671CD8882400FA2321 /* PBXTargetDependency */,
			);
			name = sampleJSON001UITests;
			productName = sampleJSON001UITests;
			productReference = 01B687651CD8882400FA2321 /* sampleJSON001UITests.xctest */;
			productType = "com.apple.product-type.bundle.ui-testing";
		};
/* End PBXNativeTarget section */

/* Begin PBXProject section */
		01B6873E1CD8882400FA2321 /* Project object */ = {
			isa = PBXProject;
			attributes = {
				LastSwiftUpdateCheck = 0730;
				LastUpgradeCheck = 0730;
				ORGANIZATIONNAME = "AI Matsubara";
				TargetAttributes = {
					01B687451CD8882400FA2321 = {
						CreatedOnToolsVersion = 7.3;
					};
					01B687591CD8882400FA2321 = {
						CreatedOnToolsVersion = 7.3;
						TestTargetID = 01B687451CD8882400FA2321;
					};
					01B687641CD8882400FA2321 = {
						CreatedOnToolsVersion = 7.3;
						TestTargetID = 01B687451CD8882400FA2321;
					};
				};
			};
			buildConfigurationList = 01B687411CD8882400FA2321 /* Build configuration list for PBXProject "sampleJSON001" */;
			compatibilityVersion = "Xcode 3.2";
			developmentRegion = English;
			hasScannedForEncodings = 0;
			knownRegions = (
				en,
				Base,
			);
			mainGroup = 01B6873D1CD8882400FA2321;
			productRefGroup = 01B687471CD8882400FA2321 /* Products */;
			projectDirPath = "";
			projectRoot = "";
			targets = (
				01B687451CD8882400FA2321 /* sampleJSON001 */,
				01B687591CD8882400FA2321 /* sampleJSON001Tests */,
				01B687641CD8882400FA2321 /* sampleJSON001UITests */,
			);
		};
/* End PBXProject section */

/* Begin PBXResourcesBuildPhase section */
		01B687441CD8882400FA2321 /* Resources */ = {
			isa = PBXResourcesBuildPhase;
			buildActionMask = 2147483647;
			files = (
				01B687781CD8889200FA2321 /* json.txt in Resources */,
				01B687541CD8882400FA2321 /* LaunchScreen.storyboard in Resources */,
				01B687511CD8882400FA2321 /* Assets.xcassets in Resources */,
				01B6874F1CD8882400FA2321 /* Main.storyboard in Resources */,
			);
			runOnlyForDeploymentPostprocessing = 0;
		};
		01B687581CD8882400FA2321 /* Resources */ = {
			isa = PBXResourcesBuildPhase;
			buildActionMask = 2147483647;
			files = (
			);
			runOnlyForDeploymentPostprocessing = 0;
		};
		01B687631CD8882400FA2321 /* Resources */ = {
			isa = PBXResourcesBuildPhase;
			buildActionMask = 2147483647;
			files = (
			);
			runOnlyForDeploymentPostprocessing = 0;
		};
/* End PBXResourcesBuildPhase section */

/* Begin PBXSourcesBuildPhase section */
		01B687421CD8882400FA2321 /* Sources */ = {
			isa = PBXSourcesBuildPhase;
			buildActionMask = 2147483647;
			files = (
				01B6874C1CD8882400FA2321 /* ViewController.swift in Sources */,
				01B6874A1CD8882400FA2321 /* AppDelegate.swift in Sources */,
			);
			runOnlyForDeploymentPostprocessing = 0;
		};
		01B687561CD8882400FA2321 /* Sources */ = {
			isa = PBXSourcesBuildPhase;
			buildActionMask = 2147483647;
			files = (
				01B6875F1CD8882400FA2321 /* sampleJSON001Tests.swift in Sources */,
			);
			runOnlyForDeploymentPostprocessing = 0;
		};
		01B687611CD8882400FA2321 /* Sources */ = {
			isa = PBXSourcesBuildPhase;
			buildActionMask = 2147483647;
			files = (
				01B6876A1CD8882400FA2321 /* sampleJSON001UITests.swift in Sources */,
			);
			runOnlyForDeploymentPostprocessing = 0;
		};
/* End PBXSourcesBuildPhase section */

/* Begin PBXTargetDependency section */
		01B6875C1CD8882400FA2321 /* PBXTargetDependency */ = {
			isa = PBXTargetDependency;
			target = 01B687451CD8882400FA2321 /* sampleJSON001 */;
			targetProxy = 01B6875B1CD8882400FA2321 /* PBXContainerItemProxy */;
		};
		01B687671CD8882400FA2321 /* PBXTargetDependency */ = {
			isa = PBXTargetDependency;
			target = 01B687451CD8882400FA2321 /* sampleJSON001 */;
			targetProxy = 01B687661CD8882400FA2321 /* PBXContainerItemProxy */;
		};
/* End PBXTargetDependency section */

/* Begin PBXVariantGroup section */
		01B6874D1CD8882400FA2321 /* Main.storyboard */ = {
			isa = PBXVariantGroup;
			children = (
				01B6874E1CD8882400FA2321 /* Base */,
			);
			name = Main.storyboard;
			sourceTree = "<group>";
		};
		01B687521CD8882400FA2321 /* LaunchScreen.storyboard */ = {
			isa = PBXVariantGroup;
			children = (
				01B687531CD8882400FA2321 /* Base */,
			);
			name = LaunchScreen.storyboard;
			sourceTree = "<group>";
		};
/* End PBXVariantGroup section */

/* Begin XCBuildConfiguration section */
		01B6876C1CD8882400FA2321 /* Debug */ = {
			isa = XCBuildConfiguration;
			buildSettings = {
				ALWAYS_SEARCH_USER_PATHS = NO;
				CLANG_ANALYZER_NONNULL = YES;
				CLANG_CXX_LANGUAGE_STANDARD = "gnu++0x";
				CLANG_CXX_LIBRARY = "libc++";
				CLANG_ENABLE_MODULES = YES;
				CLANG_ENABLE_OBJC_ARC = YES;
				CLANG_WARN_BOOL_CONVERSION = YES;
				CLANG_WARN_CONSTANT_CONVERSION = YES;
				CLANG_WARN_DIRECT_OBJC_ISA_USAGE = YES_ERROR;
				CLANG_WARN_EMPTY_BODY = YES;
				CLANG_WARN_ENUM_CONVERSION = YES;
				CLANG_WARN_INT_CONVERSION = YES;
				CLANG_WARN_OBJC_ROOT_CLASS = YES_ERROR;
				CLANG_WARN_UNREACHABLE_CODE = YES;
				CLANG_WARN__DUPLICATE_METHOD_MATCH = YES;
				"CODE_SIGN_IDENTITY[sdk=iphoneos*]" = "iPhone Developer";
				COPY_PHASE_STRIP = NO;
				DEBUG_INFORMATION_FORMAT = dwarf;
				ENABLE_STRICT_OBJC_MSGSEND = YES;
				ENABLE_TESTABILITY = YES;
				GCC_C_LANGUAGE_STANDARD = gnu99;
				GCC_DYNAMIC_NO_PIC = NO;
				GCC_NO_COMMON_BLOCKS = YES;
				GCC_OPTIMIZATION_LEVEL = 0;
				GCC_PREPROCESSOR_DEFINITIONS = (
					"DEBUG=1",
					"$(inherited)",
				);
				GCC_WARN_64_TO_32_BIT_CONVERSION = YES;
				GCC_WARN_ABOUT_RETURN_TYPE = YES_ERROR;
				GCC_WARN_UNDECLARED_SELECTOR = YES;
				GCC_WARN_UNINITIALIZED_AUTOS = YES_AGGRESSIVE;
				GCC_WARN_UNUSED_FUNCTION = YES;
				GCC_WARN_UNUSED_VARIABLE = YES;
				IPHONEOS_DEPLOYMENT_TARGET = 9.3;
				MTL_ENABLE_DEBUG_INFO = YES;
				ONLY_ACTIVE_ARCH = YES;
				SDKROOT = iphoneos;
				SWIFT_OPTIMIZATION_LEVEL = "-Onone";
			};
			name = Debug;
		};
		01B6876D1CD8882400FA2321 /* Release */ = {
			isa = XCBuildConfiguration;
			buildSettings = {
				ALWAYS_SEARCH_USER_PATHS = NO;
				CLANG_ANALYZER_NONNULL = YES;
				CLANG_CXX_LANGUAGE_STANDARD = "gnu++0x";
				CLANG_CXX_LIBRARY = "libc++";
				CLANG_ENABLE_MODULES = YES;
				CLANG_ENABLE_OBJC_ARC = YES;
				CLANG_WARN_BOOL_CONVERSION = YES;
				CLANG_WARN_CONSTANT_CONVERSION = YES;
				CLANG_WARN_DIRECT_OBJC_ISA_USAGE = YES_ERROR;
				CLANG_WARN_EMPTY_BODY = YES;
				CLANG_WARN_ENUM_CONVERSION = YES;
				CLANG_WARN_INT_CONVERSION = YES;
				CLANG_WARN_OBJC_ROOT_CLASS = YES_ERROR;
				CLANG_WARN_UNREACHABLE_CODE = YES;
				CLANG_WARN__DUPLICATE_METHOD_MATCH = YES;
				"CODE_SIGN_IDENTITY[sdk=iphoneos*]" = "iPhone Developer";
				COPY_PHASE_STRIP = NO;
				DEBUG_INFORMATION_FORMAT = "dwarf-with-dsym";
				ENABLE_NS_ASSERTIONS = NO;
				ENABLE_STRICT_OBJC_MSGSEND = YES;
				GCC_C_LANGUAGE_STANDARD = gnu99;
				GCC_NO_COMMON_BLOCKS = YES;
				GCC_WARN_64_TO_32_BIT_CONVERSION = YES;
				GCC_WARN_ABOUT_RETURN_TYPE = YES_ERROR;
				GCC_WARN_UNDECLARED_SELECTOR = YES;
				GCC_WARN_UNINITIALIZED_AUTOS = YES_AGGRESSIVE;
				GCC_WARN_UNUSED_FUNCTION = YES;
				GCC_WARN_UNUSED_VARIABLE = YES;
				IPHONEOS_DEPLOYMENT_TARGET = 9.3;
				MTL_ENABLE_DEBUG_INFO = NO;
				SDKROOT = iphoneos;
				VALIDATE_PRODUCT = YES;
			};
			name = Release;
		};
		01B6876F1CD8882400FA2321 /* Debug */ = {
			isa = XCBuildConfiguration;
			buildSettings = {
				ASSETCATALOG_COMPILER_APPICON_NAME = AppIcon;
				INFOPLIST_FILE = sampleJSON001/Info.plist;
				LD_RUNPATH_SEARCH_PATHS = "$(inherited) @executable_path/Frameworks";
				PRODUCT_BUNDLE_IDENTIFIER = com.aiai.sampleJSON001;
				PRODUCT_NAME = "$(TARGET_NAME)";
			};
			name = Debug;
		};
		01B687701CD8882400FA2321 /* Release */ = {
			isa = XCBuildConfiguration;
			buildSettings = {
				ASSETCATALOG_COMPILER_APPICON_NAME = AppIcon;
				INFOPLIST_FILE = sampleJSON001/Info.plist;
				LD_RUNPATH_SEARCH_PATHS = "$(inherited) @executable_path/Frameworks";
				PRODUCT_BUNDLE_IDENTIFIER = com.aiai.sampleJSON001;
				PRODUCT_NAME = "$(TARGET_NAME)";
			};
			name = Release;
		};
		01B687721CD8882400FA2321 /* Debug */ = {
			isa = XCBuildConfiguration;
			buildSettings = {
				BUNDLE_LOADER = "$(TEST_HOST)";
				INFOPLIST_FILE = sampleJSON001Tests/Info.plist;
				LD_RUNPATH_SEARCH_PATHS = "$(inherited) @executable_path/Frameworks @loader_path/Frameworks";
				PRODUCT_BUNDLE_IDENTIFIER = com.aiai.sampleJSON001Tests;
				PRODUCT_NAME = "$(TARGET_NAME)";
				TEST_HOST = "$(BUILT_PRODUCTS_DIR)/sampleJSON001.app/sampleJSON001";
			};
			name = Debug;
		};
		01B687731CD8882400FA2321 /* Release */ = {
			isa = XCBuildConfiguration;
			buildSettings = {
				BUNDLE_LOADER = "$(TEST_HOST)";
				INFOPLIST_FILE = sampleJSON001Tests/Info.plist;
				LD_RUNPATH_SEARCH_PATHS = "$(inherited) @executable_path/Frameworks @loader_path/Frameworks";
				PRODUCT_BUNDLE_IDENTIFIER = com.aiai.sampleJSON001Tests;
				PRODUCT_NAME = "$(TARGET_NAME)";
				TEST_HOST = "$(BUILT_PRODUCTS_DIR)/sampleJSON001.app/sampleJSON001";
			};
			name = Release;
		};
		01B687751CD8882400FA2321 /* Debug */ = {
			isa = XCBuildConfiguration;
			buildSettings = {
				INFOPLIST_FILE = sampleJSON001UITests/Info.plist;
				LD_RUNPATH_SEARCH_PATHS = "$(inherited) @executable_path/Frameworks @loader_path/Frameworks";
				PRODUCT_BUNDLE_IDENTIFIER = com.aiai.sampleJSON001UITests;
				PRODUCT_NAME = "$(TARGET_NAME)";
				TEST_TARGET_NAME = sampleJSON001;
			};
			name = Debug;
		};
		01B687761CD8882400FA2321 /* Release */ = {
			isa = XCBuildConfiguration;
			buildSettings = {
				INFOPLIST_FILE = sampleJSON001UITests/Info.plist;
				LD_RUNPATH_SEARCH_PATHS = "$(inherited) @executable_path/Frameworks @loader_path/Frameworks";
				PRODUCT_BUNDLE_IDENTIFIER = com.aiai.sampleJSON001UITests;
				PRODUCT_NAME = "$(TARGET_NAME)";
				TEST_TARGET_NAME = sampleJSON001;
			};
			name = Release;
		};
/* End XCBuildConfiguration section */

/* Begin XCConfigurationList section */
		01B687411CD8882400FA2321 /* Build configuration list for PBXProject "sampleJSON001" */ = {
			isa = XCConfigurationList;
			buildConfigurations = (
				01B6876C1CD8882400FA2321 /* Debug */,
				01B6876D1CD8882400FA2321 /* Release */,
			);
			defaultConfigurationIsVisible = 0;
			defaultConfigurationName = Release;
		};
		01B6876E1CD8882400FA2321 /* Build configuration list for PBXNativeTarget "sampleJSON001" */ = {
			isa = XCConfigurationList;
			buildConfigurations = (
				01B6876F1CD8882400FA2321 /* Debug */,
				01B687701CD8882400FA2321 /* Release */,
			);
			defaultConfigurationIsVisible = 0;
		};
		01B687711CD8882400FA2321 /* Build configuration list for PBXNativeTarget "sampleJSON001Tests" */ = {
			isa = XCConfigurationList;
			buildConfigurations = (
				01B687721CD8882400FA2321 /* Debug */,
				01B687731CD8882400FA2321 /* Release */,
			);
			defaultConfigurationIsVisible = 0;
		};
		01B687741CD8882400FA2321 /* Build configuration list for PBXNativeTarget "sampleJSON001UITests" */ = {
			isa = XCConfigurationList;
			buildConfigurations = (
				01B687751CD8882400FA2321 /* Debug */,
				01B687761CD8882400FA2321 /* Release */,
			);
			defaultConfigurationIsVisible = 0;
		};
/* End XCConfigurationList section */
	};
	rootObject = 01B6873E1CD8882400FA2321 /* Project object */;
}
